
Microsoft Visual Studio Solution File, Format Version 12.00
# Visual Studio Version 16
VisualStudioVersion = 16.0.29102.190
MinimumVisualStudioVersion = 10.0.40219.1
Project("{9A19103F-16F7-4668-BE54-9A1E7A4F7556}") = "MapApi", "MapApi.csproj", "{B43C3D81-446B-4597-9A34-78BF31A4B0DD}"
EndProject
Project("{FAE04EC0-301F-11D3-BF4B-00C04F79EFBC}") = "MapApi1", "..\MapApi1\MapApi1.csproj", "{8D039074-9175-4441-92E5-4001B0ED7805}"
EndProject
Global
	GlobalSection(SolutionConfigurationPlatforms) = preSolution
		Debug|Any CPU = Debug|Any CPU
		Release|Any CPU = Release|Any CPU
	EndGlobalSection
	GlobalSection(ProjectConfigurationPlatforms) = postSolution
		{B43C3D81-446B-4597-9A34-78BF31A4B0DD}.Debug|Any CPU.ActiveCfg = Debug|Any CPU
		{B43C3D81-446B-4597-9A34-78BF31A4B0DD}.Debug|Any CPU.Build.0 = Debug|Any CPU
		{B43C3D81-446B-4597-9A34-78BF31A4B0DD}.Release|Any CPU.ActiveCfg = Release|Any CPU
		{B43C3D81-446B-4597-9A34-78BF31A4B0DD}.Release|Any CPU.Build.0 = Release|Any CPU
		{8D039074-9175-4441-92E5-4001B0ED7805}.Debug|Any CPU.ActiveCfg = Debug|Any CPU
		{8D039074-9175-4441-92E5-4001B0ED7805}.Debug|Any CPU.Build.0 = Debug|Any CPU
		{8D039074-9175-4441-92E5-4001B0ED7805}.Release|Any CPU.ActiveCfg = Release|Any CPU
		{8D039074-9175-4441-92E5-4001B0ED7805}.Release|Any CPU.Build.0 = Release|Any CPU
	EndGlobalSection
	GlobalSection(SolutionProperties) = preSolution
		HideSolutionNode = FALSE
	EndGlobalSection
	GlobalSection(ExtensibilityGlobals) = postSolution
		SolutionGuid = {37A0E9C8-6DD4-4546-8BF5-0AF48169E900}
	EndGlobalSection
EndGlobal
