
Microsoft Visual Studio Solution File, Format Version 12.00
# Visual Studio Version 16
VisualStudioVersion = 16.0.29102.190
MinimumVisualStudioVersion = 15.0.26124.0
Project("{9A19103F-16F7-4668-BE54-9A1E7A4F7556}") = "coredemo3", "coredemo3.csproj", "{305D93BA-F391-4D46-AEC7-797562285C7B}"
EndProject
Project("{FAE04EC0-301F-11D3-BF4B-00C04F79EFBC}") = "EFCore", "..\EFCore\EFCore.csproj", "{07059F11-8077-45B6-9413-6C2C3A93CC86}"
EndProject
Global
	GlobalSection(SolutionConfigurationPlatforms) = preSolution
		Debug|Any CPU = Debug|Any CPU
		Debug|x64 = Debug|x64
		Debug|x86 = Debug|x86
		Release|Any CPU = Release|Any CPU
		Release|x64 = Release|x64
		Release|x86 = Release|x86
	EndGlobalSection
	GlobalSection(ProjectConfigurationPlatforms) = postSolution
		{305D93BA-F391-4D46-AEC7-797562285C7B}.Debug|Any CPU.ActiveCfg = Debug|Any CPU
		{305D93BA-F391-4D46-AEC7-797562285C7B}.Debug|Any CPU.Build.0 = Debug|Any CPU
		{305D93BA-F391-4D46-AEC7-797562285C7B}.Debug|x64.ActiveCfg = Debug|Any CPU
		{305D93BA-F391-4D46-AEC7-797562285C7B}.Debug|x64.Build.0 = Debug|Any CPU
		{305D93BA-F391-4D46-AEC7-797562285C7B}.Debug|x86.ActiveCfg = Debug|Any CPU
		{305D93BA-F391-4D46-AEC7-797562285C7B}.Debug|x86.Build.0 = Debug|Any CPU
		{305D93BA-F391-4D46-AEC7-797562285C7B}.Release|Any CPU.ActiveCfg = Release|Any CPU
		{305D93BA-F391-4D46-AEC7-797562285C7B}.Release|Any CPU.Build.0 = Release|Any CPU
		{305D93BA-F391-4D46-AEC7-797562285C7B}.Release|x64.ActiveCfg = Release|Any CPU
		{305D93BA-F391-4D46-AEC7-797562285C7B}.Release|x64.Build.0 = Release|Any CPU
		{305D93BA-F391-4D46-AEC7-797562285C7B}.Release|x86.ActiveCfg = Release|Any CPU
		{305D93BA-F391-4D46-AEC7-797562285C7B}.Release|x86.Build.0 = Release|Any CPU
		{07059F11-8077-45B6-9413-6C2C3A93CC86}.Debug|Any CPU.ActiveCfg = Debug|Any CPU
		{07059F11-8077-45B6-9413-6C2C3A93CC86}.Debug|Any CPU.Build.0 = Debug|Any CPU
		{07059F11-8077-45B6-9413-6C2C3A93CC86}.Debug|x64.ActiveCfg = Debug|Any CPU
		{07059F11-8077-45B6-9413-6C2C3A93CC86}.Debug|x64.Build.0 = Debug|Any CPU
		{07059F11-8077-45B6-9413-6C2C3A93CC86}.Debug|x86.ActiveCfg = Debug|Any CPU
		{07059F11-8077-45B6-9413-6C2C3A93CC86}.Debug|x86.Build.0 = Debug|Any CPU
		{07059F11-8077-45B6-9413-6C2C3A93CC86}.Release|Any CPU.ActiveCfg = Release|Any CPU
		{07059F11-8077-45B6-9413-6C2C3A93CC86}.Release|Any CPU.Build.0 = Release|Any CPU
		{07059F11-8077-45B6-9413-6C2C3A93CC86}.Release|x64.ActiveCfg = Release|Any CPU
		{07059F11-8077-45B6-9413-6C2C3A93CC86}.Release|x64.Build.0 = Release|Any CPU
		{07059F11-8077-45B6-9413-6C2C3A93CC86}.Release|x86.ActiveCfg = Release|Any CPU
		{07059F11-8077-45B6-9413-6C2C3A93CC86}.Release|x86.Build.0 = Release|Any CPU
	EndGlobalSection
	GlobalSection(SolutionProperties) = preSolution
		HideSolutionNode = FALSE
	EndGlobalSection
	GlobalSection(ExtensibilityGlobals) = postSolution
		SolutionGuid = {A36DD645-25EE-4A2D-A16A-6D07696B6A79}
	EndGlobalSection
EndGlobal
