
Microsoft Visual Studio Solution File, Format Version 12.00
# Visual Studio Version 16
VisualStudioVersion = 16.0.29102.190
MinimumVisualStudioVersion = 10.0.40219.1
Project("{FAE04EC0-301F-11D3-BF4B-00C04F79EFBC}") = "CoreDemo_StackexchageRedis", "CoreDemo_StackexchageRedis.csproj", "{062B70A6-D76A-4342-88B7-BAD82AD61F13}"
EndProject
Global
	GlobalSection(SolutionConfigurationPlatforms) = preSolution
		Debug|Any CPU = Debug|Any CPU
		Release|Any CPU = Release|Any CPU
	EndGlobalSection
	GlobalSection(ProjectConfigurationPlatforms) = postSolution
		{062B70A6-D76A-4342-88B7-BAD82AD61F13}.Debug|Any CPU.ActiveCfg = Debug|Any CPU
		{062B70A6-D76A-4342-88B7-BAD82AD61F13}.Debug|Any CPU.Build.0 = Debug|Any CPU
		{062B70A6-D76A-4342-88B7-BAD82AD61F13}.Release|Any CPU.ActiveCfg = Release|Any CPU
		{062B70A6-D76A-4342-88B7-BAD82AD61F13}.Release|Any CPU.Build.0 = Release|Any CPU
	EndGlobalSection
	GlobalSection(SolutionProperties) = preSolution
		HideSolutionNode = FALSE
	EndGlobalSection
	GlobalSection(ExtensibilityGlobals) = postSolution
		SolutionGuid = {08FECC90-C9D3-4D21-9D5C-6846C5A4952E}
	EndGlobalSection
EndGlobal
