
Microsoft Visual Studio Solution File, Format Version 12.00
# Visual Studio Version 16
VisualStudioVersion = 16.0.29102.190
MinimumVisualStudioVersion = 10.0.40219.1
Project("{FAE04EC0-301F-11D3-BF4B-00C04F79EFBC}") = "CoreDemo_Mysql", "CoreDemo_Mysql.csproj", "{CE85B221-D68C-40DD-8537-026FBC67A806}"
EndProject
Global
	GlobalSection(SolutionConfigurationPlatforms) = preSolution
		Debug|Any CPU = Debug|Any CPU
		Release|Any CPU = Release|Any CPU
	EndGlobalSection
	GlobalSection(ProjectConfigurationPlatforms) = postSolution
		{CE85B221-D68C-40DD-8537-026FBC67A806}.Debug|Any CPU.ActiveCfg = Debug|Any CPU
		{CE85B221-D68C-40DD-8537-026FBC67A806}.Debug|Any CPU.Build.0 = Debug|Any CPU
		{CE85B221-D68C-40DD-8537-026FBC67A806}.Release|Any CPU.ActiveCfg = Release|Any CPU
		{CE85B221-D68C-40DD-8537-026FBC67A806}.Release|Any CPU.Build.0 = Release|Any CPU
	EndGlobalSection
	GlobalSection(SolutionProperties) = preSolution
		HideSolutionNode = FALSE
	EndGlobalSection
	GlobalSection(ExtensibilityGlobals) = postSolution
		SolutionGuid = {F2678F01-13F2-43F5-9840-0ED54D0FD2B1}
	EndGlobalSection
EndGlobal
