
Microsoft Visual Studio Solution File, Format Version 12.00
# Visual Studio Version 16
VisualStudioVersion = 16.0.29102.190
MinimumVisualStudioVersion = 10.0.40219.1
Project("{9A19103F-16F7-4668-BE54-9A1E7A4F7556}") = "CoreDemo_Swagger", "CoreDemo_Swagger.csproj", "{38B78892-26CE-4DD4-B182-EE64967FEAE0}"
EndProject
Global
	GlobalSection(SolutionConfigurationPlatforms) = preSolution
		Debug|Any CPU = Debug|Any CPU
		Release|Any CPU = Release|Any CPU
	EndGlobalSection
	GlobalSection(ProjectConfigurationPlatforms) = postSolution
		{38B78892-26CE-4DD4-B182-EE64967FEAE0}.Debug|Any CPU.ActiveCfg = Debug|Any CPU
		{38B78892-26CE-4DD4-B182-EE64967FEAE0}.Debug|Any CPU.Build.0 = Debug|Any CPU
		{38B78892-26CE-4DD4-B182-EE64967FEAE0}.Release|Any CPU.ActiveCfg = Release|Any CPU
		{38B78892-26CE-4DD4-B182-EE64967FEAE0}.Release|Any CPU.Build.0 = Release|Any CPU
	EndGlobalSection
	GlobalSection(SolutionProperties) = preSolution
		HideSolutionNode = FALSE
	EndGlobalSection
	GlobalSection(ExtensibilityGlobals) = postSolution
		SolutionGuid = {74F60CB4-01CC-47B0-A58B-67F263DDCA9E}
	EndGlobalSection
EndGlobal
